
Microsoft Visual Studio Solution File, Format Version 12.00
# Visual Studio 2012
Project("{FAE04EC0-301F-11D3-BF4B-00C04F79EFBC}") = "Infrastructure.Common", "Infrastructure.Common\Infrastructure.Common.csproj", "{A50AE0C4-EE37-4275-8588-9A64A642C235}"
EndProject
Project("{FAE04EC0-301F-11D3-BF4B-00C04F79EFBC}") = "Infrastructure.UnitTest", "Infrastructure.UnitTest\Infrastructure.UnitTest.csproj", "{38FDAA05-B368-441D-94E5-76AF4D5288CF}"
EndProject
Global
	GlobalSection(SolutionConfigurationPlatforms) = preSolution
		Debug|Any CPU = Debug|Any CPU
		Release|Any CPU = Release|Any CPU
	EndGlobalSection
	GlobalSection(ProjectConfigurationPlatforms) = postSolution
		{A50AE0C4-EE37-4275-8588-9A64A642C235}.Debug|Any CPU.ActiveCfg = Debug|Any CPU
		{A50AE0C4-EE37-4275-8588-9A64A642C235}.Debug|Any CPU.Build.0 = Debug|Any CPU
		{A50AE0C4-EE37-4275-8588-9A64A642C235}.Release|Any CPU.ActiveCfg = Release|Any CPU
		{A50AE0C4-EE37-4275-8588-9A64A642C235}.Release|Any CPU.Build.0 = Release|Any CPU
		{38FDAA05-B368-441D-94E5-76AF4D5288CF}.Debug|Any CPU.ActiveCfg = Debug|Any CPU
		{38FDAA05-B368-441D-94E5-76AF4D5288CF}.Debug|Any CPU.Build.0 = Debug|Any CPU
		{38FDAA05-B368-441D-94E5-76AF4D5288CF}.Release|Any CPU.ActiveCfg = Release|Any CPU
		{38FDAA05-B368-441D-94E5-76AF4D5288CF}.Release|Any CPU.Build.0 = Release|Any CPU
	EndGlobalSection
	GlobalSection(SolutionProperties) = preSolution
		HideSolutionNode = FALSE
	EndGlobalSection
EndGlobal
